
Microsoft Visual Studio Solution File, Format Version 12.00
# Visual Studio Version 16
VisualStudioVersion = 16.0.29424.173
MinimumVisualStudioVersion = 10.0.40219.1
Project("{FAE04EC0-301F-11D3-BF4B-00C04F79EFBC}") = "AMS", "AMS.csproj", "{0AD621FE-51C2-4E56-879D-29EEBA3A09BA}"
EndProject
Global
	GlobalSection(SolutionConfigurationPlatforms) = preSolution
		Debug|Any CPU = Debug|Any CPU
		Release|Any CPU = Release|Any CPU
	EndGlobalSection
	GlobalSection(ProjectConfigurationPlatforms) = postSolution
		{0AD621FE-51C2-4E56-879D-29EEBA3A09BA}.Debug|Any CPU.ActiveCfg = Debug|Any CPU
		{0AD621FE-51C2-4E56-879D-29EEBA3A09BA}.Debug|Any CPU.Build.0 = Debug|Any CPU
		{0AD621FE-51C2-4E56-879D-29EEBA3A09BA}.Release|Any CPU.ActiveCfg = Release|Any CPU
		{0AD621FE-51C2-4E56-879D-29EEBA3A09BA}.Release|Any CPU.Build.0 = Release|Any CPU
	EndGlobalSection
	GlobalSection(SolutionProperties) = preSolution
		HideSolutionNode = FALSE
	EndGlobalSection
	GlobalSection(ExtensibilityGlobals) = postSolution
		SolutionGuid = {07788EEE-DBE5-43EC-9BED-1098FD4A2C30}
	EndGlobalSection
EndGlobal
